// !$*UTF8*$!
{
	archiveVersion = 1;
	classes = {
	};
	objectVersion = 46;
	objects = {

/* Begin PBXBuildFile section */
		9B004DC61ABE5D8B00A5C82F /* main.m in Sources */ = {isa = PBXBuildFile; fileRef = 9B004DC51ABE5D8B00A5C82F /* main.m */; };
		9B004DC91ABE5D8B00A5C82F /* AppDelegate.m in Sources */ = {isa = PBXBuildFile; fileRef = 9B004DC81ABE5D8B00A5C82F /* AppDelegate.m */; };
		9B004DCC1ABE5D8B00A5C82F /* ViewController.m in Sources */ = {isa = PBXBuildFile; fileRef = 9B004DCB1ABE5D8B00A5C82F /* ViewController.m */; };
		9B004DCF1ABE5D8B00A5C82F /* Main.storyboard in Resources */ = {isa = PBXBuildFile; fileRef = 9B004DCD1ABE5D8B00A5C82F /* Main.storyboard */; };
		9B004DD11ABE5D8B00A5C82F /* Images.xcassets in Resources */ = {isa = PBXBuildFile; fileRef = 9B004DD01ABE5D8B00A5C82F /* Images.xcassets */; };
		9B004DD41ABE5D8B00A5C82F /* LaunchScreen.xib in Resources */ = {isa = PBXBuildFile; fileRef = 9B004DD21ABE5D8B00A5C82F /* LaunchScreen.xib */; };
		9B004DE01ABE5D8B00A5C82F /* XCTestLocalizationTests.m in Sources */ = {isa = PBXBuildFile; fileRef = 9B004DDF1ABE5D8B00A5C82F /* XCTestLocalizationTests.m */; };
		9B38798F1ABE740800EC06F1 /* XCTestCase+DNSiOSLocalization.m in Sources */ = {isa = PBXBuildFile; fileRef = 9B38798E1ABE740800EC06F1 /* XCTestCase+DNSiOSLocalization.m */; };
		9B3879921ABE76F200EC06F1 /* InfoPlist.strings in Resources */ = {isa = PBXBuildFile; fileRef = 9B3879901ABE76F200EC06F1 /* InfoPlist.strings */; };
		9B3879951ABE76F700EC06F1 /* Localizable.strings in Resources */ = {isa = PBXBuildFile; fileRef = 9B3879931ABE76F700EC06F1 /* Localizable.strings */; };
/* End PBXBuildFile section */

/* Begin PBXContainerItemProxy section */
		9B004DDA1ABE5D8B00A5C82F /* PBXContainerItemProxy */ = {
			isa = PBXContainerItemProxy;
			containerPortal = 9B004DB81ABE5D8B00A5C82F /* Project object */;
			proxyType = 1;
			remoteGlobalIDString = 9B004DBF1ABE5D8B00A5C82F;
			remoteInfo = XCTestLocalization;
		};
/* End PBXContainerItemProxy section */

/* Begin PBXFileReference section */
		9B004DC01ABE5D8B00A5C82F /* XCTestLocalization.app */ = {isa = PBXFileReference; explicitFileType = wrapper.application; includeInIndex = 0; path = XCTestLocalization.app; sourceTree = BUILT_PRODUCTS_DIR; };
		9B004DC51ABE5D8B00A5C82F /* main.m */ = {isa = PBXFileReference; lastKnownFileType = sourcecode.c.objc; path = main.m; sourceTree = "<group>"; };
		9B004DC71ABE5D8B00A5C82F /* AppDelegate.h */ = {isa = PBXFileReference; lastKnownFileType = sourcecode.c.h; path = AppDelegate.h; sourceTree = "<group>"; };
		9B004DC81ABE5D8B00A5C82F /* AppDelegate.m */ = {isa = PBXFileReference; lastKnownFileType = sourcecode.c.objc; path = AppDelegate.m; sourceTree = "<group>"; };
		9B004DCA1ABE5D8B00A5C82F /* ViewController.h */ = {isa = PBXFileReference; lastKnownFileType = sourcecode.c.h; path = ViewController.h; sourceTree = "<group>"; };
		9B004DCB1ABE5D8B00A5C82F /* ViewController.m */ = {isa = PBXFileReference; lastKnownFileType = sourcecode.c.objc; path = ViewController.m; sourceTree = "<group>"; };
		9B004DCE1ABE5D8B00A5C82F /* Base */ = {isa = PBXFileReference; lastKnownFileType = file.storyboard; name = Base; path = Base.lproj/Main.storyboard; sourceTree = "<group>"; };
		9B004DD01ABE5D8B00A5C82F /* Images.xcassets */ = {isa = PBXFileReference; lastKnownFileType = folder.assetcatalog; path = Images.xcassets; sourceTree = "<group>"; };
		9B004DD31ABE5D8B00A5C82F /* Base */ = {isa = PBXFileReference; lastKnownFileType = file.xib; name = Base; path = Base.lproj/LaunchScreen.xib; sourceTree = "<group>"; };
		9B004DD91ABE5D8B00A5C82F /* XCTestLocalizationTests.xctest */ = {isa = PBXFileReference; explicitFileType = wrapper.cfbundle; includeInIndex = 0; path = XCTestLocalizationTests.xctest; sourceTree = BUILT_PRODUCTS_DIR; };
		9B004DDF1ABE5D8B00A5C82F /* XCTestLocalizationTests.m */ = {isa = PBXFileReference; lastKnownFileType = sourcecode.c.objc; path = XCTestLocalizationTests.m; sourceTree = "<group>"; };
		9B3879871ABE735A00EC06F1 /* Info.plist */ = {isa = PBXFileReference; fileEncoding = 4; lastKnownFileType = text.plist.xml; path = Info.plist; sourceTree = "<group>"; };
		9B38798D1ABE740800EC06F1 /* XCTestCase+DNSiOSLocalization.h */ = {isa = PBXFileReference; fileEncoding = 4; lastKnownFileType = sourcecode.c.h; path = "XCTestCase+DNSiOSLocalization.h"; sourceTree = "<group>"; };
		9B38798E1ABE740800EC06F1 /* XCTestCase+DNSiOSLocalization.m */ = {isa = PBXFileReference; fileEncoding = 4; lastKnownFileType = sourcecode.c.objc; path = "XCTestCase+DNSiOSLocalization.m"; sourceTree = "<group>"; };
		9B3879911ABE76F200EC06F1 /* es */ = {isa = PBXFileReference; lastKnownFileType = text.plist.strings; name = es; path = es.lproj/InfoPlist.strings; sourceTree = "<group>"; };
		9B3879941ABE76F700EC06F1 /* es */ = {isa = PBXFileReference; lastKnownFileType = text.plist.strings; name = es; path = es.lproj/Localizable.strings; sourceTree = "<group>"; };
		9B3879961ABE76FF00EC06F1 /* Base */ = {isa = PBXFileReference; lastKnownFileType = text.plist.strings; name = Base; path = Base.lproj/InfoPlist.strings; sourceTree = "<group>"; };
		9B3879971ABE770500EC06F1 /* Base */ = {isa = PBXFileReference; lastKnownFileType = text.plist.strings; name = Base; path = Base.lproj/Localizable.strings; sourceTree = "<group>"; };
		9B3879981ABE7C5A00EC06F1 /* fr */ = {isa = PBXFileReference; lastKnownFileType = text.plist.strings; name = fr; path = fr.lproj/InfoPlist.strings; sourceTree = "<group>"; };
		9B3879991ABE7C5A00EC06F1 /* fr */ = {isa = PBXFileReference; lastKnownFileType = text.plist.strings; name = fr; path = fr.lproj/Localizable.strings; sourceTree = "<group>"; };
		9B38799A1ABE85F300EC06F1 /* Info.plist */ = {isa = PBXFileReference; lastKnownFileType = text.plist.xml; path = Info.plist; sourceTree = "<group>"; };
/* End PBXFileReference section */

/* Begin PBXFrameworksBuildPhase section */
		9B004DBD1ABE5D8B00A5C82F /* Frameworks */ = {
			isa = PBXFrameworksBuildPhase;
			buildActionMask = 2147483647;
			files = (
			);
			runOnlyForDeploymentPostprocessing = 0;
		};
		9B004DD61ABE5D8B00A5C82F /* Frameworks */ = {
			isa = PBXFrameworksBuildPhase;
			buildActionMask = 2147483647;
			files = (
			);
			runOnlyForDeploymentPostprocessing = 0;
		};
/* End PBXFrameworksBuildPhase section */

/* Begin PBXGroup section */
		9B004DB71ABE5D8B00A5C82F = {
			isa = PBXGroup;
			children = (
				9B004DC21ABE5D8B00A5C82F /* XCTestLocalization */,
				9B004DDC1ABE5D8B00A5C82F /* XCTestLocalizationTests */,
				9B004DC11ABE5D8B00A5C82F /* Products */,
			);
			sourceTree = "<group>";
		};
		9B004DC11ABE5D8B00A5C82F /* Products */ = {
			isa = PBXGroup;
			children = (
				9B004DC01ABE5D8B00A5C82F /* XCTestLocalization.app */,
				9B004DD91ABE5D8B00A5C82F /* XCTestLocalizationTests.xctest */,
			);
			name = Products;
			sourceTree = "<group>";
		};
		9B004DC21ABE5D8B00A5C82F /* XCTestLocalization */ = {
			isa = PBXGroup;
			children = (
				9B004DC71ABE5D8B00A5C82F /* AppDelegate.h */,
				9B004DC81ABE5D8B00A5C82F /* AppDelegate.m */,
				9B004DCA1ABE5D8B00A5C82F /* ViewController.h */,
				9B004DCB1ABE5D8B00A5C82F /* ViewController.m */,
				9B004DCD1ABE5D8B00A5C82F /* Main.storyboard */,
				9B004DD01ABE5D8B00A5C82F /* Images.xcassets */,
				9B004DD21ABE5D8B00A5C82F /* LaunchScreen.xib */,
				9B004DC31ABE5D8B00A5C82F /* Supporting Files */,
			);
			path = XCTestLocalization;
			sourceTree = "<group>";
		};
		9B004DC31ABE5D8B00A5C82F /* Supporting Files */ = {
			isa = PBXGroup;
			children = (
				9B38799A1ABE85F300EC06F1 /* Info.plist */,
				9B3879931ABE76F700EC06F1 /* Localizable.strings */,
				9B3879901ABE76F200EC06F1 /* InfoPlist.strings */,
				9B004DC51ABE5D8B00A5C82F /* main.m */,
			);
			name = "Supporting Files";
			sourceTree = "<group>";
		};
		9B004DDC1ABE5D8B00A5C82F /* XCTestLocalizationTests */ = {
			isa = PBXGroup;
			children = (
				9B004DDF1ABE5D8B00A5C82F /* XCTestLocalizationTests.m */,
				9B004DE91ABE5DBA00A5C82F /* Library */,
				9B004DDD1ABE5D8B00A5C82F /* Supporting Files */,
			);
			path = XCTestLocalizationTests;
			sourceTree = "<group>";
		};
		9B004DDD1ABE5D8B00A5C82F /* Supporting Files */ = {
			isa = PBXGroup;
			children = (
				9B3879871ABE735A00EC06F1 /* Info.plist */,
			);
			name = "Supporting Files";
			sourceTree = "<group>";
		};
		9B004DE91ABE5DBA00A5C82F /* Library */ = {
			isa = PBXGroup;
			children = (
				9B38798D1ABE740800EC06F1 /* XCTestCase+DNSiOSLocalization.h */,
				9B38798E1ABE740800EC06F1 /* XCTestCase+DNSiOSLocalization.m */,
			);
			path = Library;
			sourceTree = SOURCE_ROOT;
		};
/* End PBXGroup section */

/* Begin PBXNativeTarget section */
		9B004DBF1ABE5D8B00A5C82F /* XCTestLocalization */ = {
			isa = PBXNativeTarget;
			buildConfigurationList = 9B004DE31ABE5D8B00A5C82F /* Build configuration list for PBXNativeTarget "XCTestLocalization" */;
			buildPhases = (
				9B004DBC1ABE5D8B00A5C82F /* Sources */,
				9B004DBD1ABE5D8B00A5C82F /* Frameworks */,
				9B004DBE1ABE5D8B00A5C82F /* Resources */,
			);
			buildRules = (
			);
			dependencies = (
			);
			name = XCTestLocalization;
			productName = XCTestLocalization;
			productReference = 9B004DC01ABE5D8B00A5C82F /* XCTestLocalization.app */;
			productType = "com.apple.product-type.application";
		};
		9B004DD81ABE5D8B00A5C82F /* XCTestLocalizationTests */ = {
			isa = PBXNativeTarget;
			buildConfigurationList = 9B004DE61ABE5D8B00A5C82F /* Build configuration list for PBXNativeTarget "XCTestLocalizationTests" */;
			buildPhases = (
				9B004DD51ABE5D8B00A5C82F /* Sources */,
				9B004DD61ABE5D8B00A5C82F /* Frameworks */,
				9B004DD71ABE5D8B00A5C82F /* Resources */,
			);
			buildRules = (
			);
			dependencies = (
				9B004DDB1ABE5D8B00A5C82F /* PBXTargetDependency */,
			);
			name = XCTestLocalizationTests;
			productName = XCTestLocalizationTests;
			productReference = 9B004DD91ABE5D8B00A5C82F /* XCTestLocalizationTests.xctest */;
			productType = "com.apple.product-type.bundle.unit-test";
		};
/* End PBXNativeTarget section */

/* Begin PBXProject section */
		9B004DB81ABE5D8B00A5C82F /* Project object */ = {
			isa = PBXProject;
			attributes = {
				LastUpgradeCheck = 0620;
				ORGANIZATIONNAME = "Designated Nerd Software";
				TargetAttributes = {
					9B004DBF1ABE5D8B00A5C82F = {
						CreatedOnToolsVersion = 6.2;
					};
					9B004DD81ABE5D8B00A5C82F = {
						CreatedOnToolsVersion = 6.2;
						TestTargetID = 9B004DBF1ABE5D8B00A5C82F;
					};
				};
			};
			buildConfigurationList = 9B004DBB1ABE5D8B00A5C82F /* Build configuration list for PBXProject "XCTestLocalization" */;
			compatibilityVersion = "Xcode 3.2";
			developmentRegion = English;
			hasScannedForEncodings = 0;
			knownRegions = (
				en,
				Base,
				es,
				fr,
			);
			mainGroup = 9B004DB71ABE5D8B00A5C82F;
			productRefGroup = 9B004DC11ABE5D8B00A5C82F /* Products */;
			projectDirPath = "";
			projectRoot = "";
			targets = (
				9B004DBF1ABE5D8B00A5C82F /* XCTestLocalization */,
				9B004DD81ABE5D8B00A5C82F /* XCTestLocalizationTests */,
			);
		};
/* End PBXProject section */

/* Begin PBXResourcesBuildPhase section */
		9B004DBE1ABE5D8B00A5C82F /* Resources */ = {
			isa = PBXResourcesBuildPhase;
			buildActionMask = 2147483647;
			files = (
				9B3879951ABE76F700EC06F1 /* Localizable.strings in Resources */,
				9B004DCF1ABE5D8B00A5C82F /* Main.storyboard in Resources */,
				9B3879921ABE76F200EC06F1 /* InfoPlist.strings in Resources */,
				9B004DD41ABE5D8B00A5C82F /* LaunchScreen.xib in Resources */,
				9B004DD11ABE5D8B00A5C82F /* Images.xcassets in Resources */,
			);
			runOnlyForDeploymentPostprocessing = 0;
		};
		9B004DD71ABE5D8B00A5C82F /* Resources */ = {
			isa = PBXResourcesBuildPhase;
			buildActionMask = 2147483647;
			files = (
			);
			runOnlyForDeploymentPostprocessing = 0;
		};
/* End PBXResourcesBuildPhase section */

/* Begin PBXSourcesBuildPhase section */
		9B004DBC1ABE5D8B00A5C82F /* Sources */ = {
			isa = PBXSourcesBuildPhase;
			buildActionMask = 2147483647;
			files = (
				9B004DCC1ABE5D8B00A5C82F /* ViewController.m in Sources */,
				9B004DC91ABE5D8B00A5C82F /* AppDelegate.m in Sources */,
				9B004DC61ABE5D8B00A5C82F /* main.m in Sources */,
			);
			runOnlyForDeploymentPostprocessing = 0;
		};
		9B004DD51ABE5D8B00A5C82F /* Sources */ = {
			isa = PBXSourcesBuildPhase;
			buildActionMask = 2147483647;
			files = (
				9B38798F1ABE740800EC06F1 /* XCTestCase+DNSiOSLocalization.m in Sources */,
				9B004DE01ABE5D8B00A5C82F /* XCTestLocalizationTests.m in Sources */,
			);
			runOnlyForDeploymentPostprocessing = 0;
		};
/* End PBXSourcesBuildPhase section */

/* Begin PBXTargetDependency section */
		9B004DDB1ABE5D8B00A5C82F /* PBXTargetDependency */ = {
			isa = PBXTargetDependency;
			target = 9B004DBF1ABE5D8B00A5C82F /* XCTestLocalization */;
			targetProxy = 9B004DDA1ABE5D8B00A5C82F /* PBXContainerItemProxy */;
		};
/* End PBXTargetDependency section */

/* Begin PBXVariantGroup section */
		9B004DCD1ABE5D8B00A5C82F /* Main.storyboard */ = {
			isa = PBXVariantGroup;
			children = (
				9B004DCE1ABE5D8B00A5C82F /* Base */,
			);
			name = Main.storyboard;
			sourceTree = "<group>";
		};
		9B004DD21ABE5D8B00A5C82F /* LaunchScreen.xib */ = {
			isa = PBXVariantGroup;
			children = (
				9B004DD31ABE5D8B00A5C82F /* Base */,
			);
			name = LaunchScreen.xib;
			sourceTree = "<group>";
		};
		9B3879901ABE76F200EC06F1 /* InfoPlist.strings */ = {
			isa = PBXVariantGroup;
			children = (
				9B3879911ABE76F200EC06F1 /* es */,
				9B3879961ABE76FF00EC06F1 /* Base */,
				9B3879981ABE7C5A00EC06F1 /* fr */,
			);
			name = InfoPlist.strings;
			sourceTree = "<group>";
		};
		9B3879931ABE76F700EC06F1 /* Localizable.strings */ = {
			isa = PBXVariantGroup;
			children = (
				9B3879941ABE76F700EC06F1 /* es */,
				9B3879971ABE770500EC06F1 /* Base */,
				9B3879991ABE7C5A00EC06F1 /* fr */,
			);
			name = Localizable.strings;
			sourceTree = "<group>";
		};
/* End PBXVariantGroup section */

/* Begin XCBuildConfiguration section */
		9B004DE11ABE5D8B00A5C82F /* Debug */ = {
			isa = XCBuildConfiguration;
			buildSettings = {
				ALWAYS_SEARCH_USER_PATHS = NO;
				CLANG_CXX_LANGUAGE_STANDARD = "gnu++0x";
				CLANG_CXX_LIBRARY = "libc++";
				CLANG_ENABLE_MODULES = YES;
				CLANG_ENABLE_OBJC_ARC = YES;
				CLANG_WARN_BOOL_CONVERSION = YES;
				CLANG_WARN_CONSTANT_CONVERSION = YES;
				CLANG_WARN_DIRECT_OBJC_ISA_USAGE = YES_ERROR;
				CLANG_WARN_EMPTY_BODY = YES;
				CLANG_WARN_ENUM_CONVERSION = YES;
				CLANG_WARN_INT_CONVERSION = YES;
				CLANG_WARN_OBJC_ROOT_CLASS = YES_ERROR;
				CLANG_WARN_UNREACHABLE_CODE = YES;
				CLANG_WARN__DUPLICATE_METHOD_MATCH = YES;
				"CODE_SIGN_IDENTITY[sdk=iphoneos*]" = "iPhone Developer";
				COPY_PHASE_STRIP = NO;
				ENABLE_STRICT_OBJC_MSGSEND = YES;
				GCC_C_LANGUAGE_STANDARD = gnu99;
				GCC_DYNAMIC_NO_PIC = NO;
				GCC_OPTIMIZATION_LEVEL = 0;
				GCC_PREPROCESSOR_DEFINITIONS = (
					"DEBUG=1",
					"$(inherited)",
				);
				GCC_SYMBOLS_PRIVATE_EXTERN = NO;
				GCC_WARN_64_TO_32_BIT_CONVERSION = YES;
				GCC_WARN_ABOUT_RETURN_TYPE = YES_ERROR;
				GCC_WARN_UNDECLARED_SELECTOR = YES;
				GCC_WARN_UNINITIALIZED_AUTOS = YES_AGGRESSIVE;
				GCC_WARN_UNUSED_FUNCTION = YES;
				GCC_WARN_UNUSED_VARIABLE = YES;
				IPHONEOS_DEPLOYMENT_TARGET = 8.2;
				MTL_ENABLE_DEBUG_INFO = YES;
				ONLY_ACTIVE_ARCH = YES;
				SDKROOT = iphoneos;
			};
			name = Debug;
		};
		9B004DE21ABE5D8B00A5C82F /* Release */ = {
			isa = XCBuildConfiguration;
			buildSettings = {
				ALWAYS_SEARCH_USER_PATHS = NO;
				CLANG_CXX_LANGUAGE_STANDARD = "gnu++0x";
				CLANG_CXX_LIBRARY = "libc++";
				CLANG_ENABLE_MODULES = YES;
				CLANG_ENABLE_OBJC_ARC = YES;
				CLANG_WARN_BOOL_CONVERSION = YES;
				CLANG_WARN_CONSTANT_CONVERSION = YES;
				CLANG_WARN_DIRECT_OBJC_ISA_USAGE = YES_ERROR;
				CLANG_WARN_EMPTY_BODY = YES;
				CLANG_WARN_ENUM_CONVERSION = YES;
				CLANG_WARN_INT_CONVERSION = YES;
				CLANG_WARN_OBJC_ROOT_CLASS = YES_ERROR;
				CLANG_WARN_UNREACHABLE_CODE = YES;
				CLANG_WARN__DUPLICATE_METHOD_MATCH = YES;
				"CODE_SIGN_IDENTITY[sdk=iphoneos*]" = "iPhone Developer";
				COPY_PHASE_STRIP = NO;
				ENABLE_NS_ASSERTIONS = NO;
				ENABLE_STRICT_OBJC_MSGSEND = YES;
				GCC_C_LANGUAGE_STANDARD = gnu99;
				GCC_WARN_64_TO_32_BIT_CONVERSION = YES;
				GCC_WARN_ABOUT_RETURN_TYPE = YES_ERROR;
				GCC_WARN_UNDECLARED_SELECTOR = YES;
				GCC_WARN_UNINITIALIZED_AUTOS = YES_AGGRESSIVE;
				GCC_WARN_UNUSED_FUNCTION = YES;
				GCC_WARN_UNUSED_VARIABLE = YES;
				IPHONEOS_DEPLOYMENT_TARGET = 8.2;
				MTL_ENABLE_DEBUG_INFO = NO;
				SDKROOT = iphoneos;
				VALIDATE_PRODUCT = YES;
			};
			name = Release;
		};
		9B004DE41ABE5D8B00A5C82F /* Debug */ = {
			isa = XCBuildConfiguration;
			buildSettings = {
				ASSETCATALOG_COMPILER_APPICON_NAME = AppIcon;
				INFOPLIST_FILE = "$(SRCROOT)/XCTestLocalization/Info.plist";
				LD_RUNPATH_SEARCH_PATHS = "$(inherited) @executable_path/Frameworks";
				PRODUCT_NAME = "$(TARGET_NAME)";
			};
			name = Debug;
		};
		9B004DE51ABE5D8B00A5C82F /* Release */ = {
			isa = XCBuildConfiguration;
			buildSettings = {
				ASSETCATALOG_COMPILER_APPICON_NAME = AppIcon;
				INFOPLIST_FILE = "$(SRCROOT)/XCTestLocalization/Info.plist";
				LD_RUNPATH_SEARCH_PATHS = "$(inherited) @executable_path/Frameworks";
				PRODUCT_NAME = "$(TARGET_NAME)";
			};
			name = Release;
		};
		9B004DE71ABE5D8B00A5C82F /* Debug */ = {
			isa = XCBuildConfiguration;
			buildSettings = {
				BUNDLE_LOADER = "$(TEST_HOST)";
				FRAMEWORK_SEARCH_PATHS = (
					"$(SDKROOT)/Developer/Library/Frameworks",
					"$(inherited)",
				);
				GCC_PREPROCESSOR_DEFINITIONS = (
					"DEBUG=1",
					"$(inherited)",
				);
				INFOPLIST_FILE = XCTestLocalizationTests/Info.plist;
				LD_RUNPATH_SEARCH_PATHS = "$(inherited) @executable_path/Frameworks @loader_path/Frameworks";
				PRODUCT_NAME = "$(TARGET_NAME)";
				TEST_HOST = "$(BUILT_PRODUCTS_DIR)/XCTestLocalization.app/XCTestLocalization";
			};
			name = Debug;
		};
		9B004DE81ABE5D8B00A5C82F /* Release */ = {
			isa = XCBuildConfiguration;
			buildSettings = {
				BUNDLE_LOADER = "$(TEST_HOST)";
				FRAMEWORK_SEARCH_PATHS = (
					"$(SDKROOT)/Developer/Library/Frameworks",
					"$(inherited)",
				);
				INFOPLIST_FILE = XCTestLocalizationTests/Info.plist;
				LD_RUNPATH_SEARCH_PATHS = "$(inherited) @executable_path/Frameworks @loader_path/Frameworks";
				PRODUCT_NAME = "$(TARGET_NAME)";
				TEST_HOST = "$(BUILT_PRODUCTS_DIR)/XCTestLocalization.app/XCTestLocalization";
			};
			name = Release;
		};
/* End XCBuildConfiguration section */

/* Begin XCConfigurationList section */
		9B004DBB1ABE5D8B00A5C82F /* Build configuration list for PBXProject "XCTestLocalization" */ = {
			isa = XCConfigurationList;
			buildConfigurations = (
				9B004DE11ABE5D8B00A5C82F /* Debug */,
				9B004DE21ABE5D8B00A5C82F /* Release */,
			);
			defaultConfigurationIsVisible = 0;
			defaultConfigurationName = Release;
		};
		9B004DE31ABE5D8B00A5C82F /* Build configuration list for PBXNativeTarget "XCTestLocalization" */ = {
			isa = XCConfigurationList;
			buildConfigurations = (
				9B004DE41ABE5D8B00A5C82F /* Debug */,
				9B004DE51ABE5D8B00A5C82F /* Release */,
			);
			defaultConfigurationIsVisible = 0;
			defaultConfigurationName = Release;
		};
		9B004DE61ABE5D8B00A5C82F /* Build configuration list for PBXNativeTarget "XCTestLocalizationTests" */ = {
			isa = XCConfigurationList;
			buildConfigurations = (
				9B004DE71ABE5D8B00A5C82F /* Debug */,
				9B004DE81ABE5D8B00A5C82F /* Release */,
			);
			defaultConfigurationIsVisible = 0;
			defaultConfigurationName = Release;
		};
/* End XCConfigurationList section */
	};
	rootObject = 9B004DB81ABE5D8B00A5C82F /* Project object */;
}
